{
  "requires": true,
  "lockfileVersion": 1,
  "dependencies": {
    "@babel/runtime": {
      "version": "7.14.0",
      "resolved": "https://registry.npmjs.org/@babel/runtime/-/runtime-7.14.0.tgz",
      "integrity": "sha512-JELkvo/DlpNdJ7dlyw/eY7E0suy5i5GQH+Vlxaq1nsNJ+H7f4Vtv3jMeCEgRhZZQFXTjldYfQgv2qmM6M1v5wA==",
      "requires": {
        "regenerator-runtime": "^0.13.4"
      }
    },
    "@material-ui/icons": {
      "version": "4.11.2",
      "resolved": "https://registry.npmjs.org/@material-ui/icons/-/icons-4.11.2.tgz",
      "integrity": "sha512-fQNsKX2TxBmqIGJCSi3tGTO/gZ+eJgWmMJkgDiOfyNaunNaxcklJQFaFogYcFl0qFuaEz1qaXYXboa/bUXVSOQ==",
      "requires": {
        "@babel/runtime": "^7.4.4"
      }
    },
    "@material/animation": {
      "version": "11.0.0",
      "resolved": "https://registry.npmjs.org/@material/animation/-/animation-11.0.0.tgz",
      "integrity": "sha512-pAJRl0ySvfOzqyGUme27tPf1LbqrjSTK4g5kngpXOPAIQdYYx89QLAfcqHONSpvXO7/WP+Kc9zJ3WWxbUaG8Wg==",
      "requires": {
        "tslib": "^2.1.0"
      }
    },
    "@material/base": {
      "version": "11.0.0",
      "resolved": "https://registry.npmjs.org/@material/base/-/base-11.0.0.tgz",
      "integrity": "sha512-GTybYdiWBoEyYQ3he8cEeuXe5mPq2peFX41rBsMrs516TGDxrVJrEAKNedydhtpfRBsZRreTXMLZtbGrZzfIFQ==",
      "requires": {
        "tslib": "^2.1.0"
      }
    },
    "@material/checkbox": {
      "version": "11.0.0",
      "resolved": "https://registry.npmjs.org/@material/checkbox/-/checkbox-11.0.0.tgz",
      "integrity": "sha512-vHBG9hK+I6SAn2H1/5u5PUscsHMGc2525QLWeWoZ5VRj6TKtxJ8WKZaPZKea7iwJwKYoe4sI9hOFjE1QQAL/tg==",
      "requires": {
        "@material/animation": "^11.0.0",
        "@material/base": "^11.0.0",
        "@material/density": "^11.0.0",
        "@material/dom": "^11.0.0",
        "@material/feature-targeting": "^11.0.0",
        "@material/ripple": "^11.0.0",
        "@material/theme": "^11.0.0",
        "@material/touch-target": "^11.0.0",
        "tslib": "^2.1.0"
      }
    },
    "@material/chips": {
      "version": "11.0.0",
      "resolved": "https://registry.npmjs.org/@material/chips/-/chips-11.0.0.tgz",
      "integrity": "sha512-9gzm0G0e0VQ0SJnfrRws5SOiK+Qi7Crg/FSTsw0Lk5frsHsZt1mKB72d2rOpeXDYb8gox2GUhuO0U/IIc4EIrw==",
      "requires": {
        "@material/animation": "^11.0.0",
        "@material/base": "^11.0.0",
        "@material/checkbox": "^11.0.0",
        "@material/density": "^11.0.0",
        "@material/dom": "^11.0.0",
        "@material/elevation": "^11.0.0",
        "@material/feature-targeting": "^11.0.0",
        "@material/ripple": "^11.0.0",
        "@material/rtl": "^11.0.0",
        "@material/shape": "^11.0.0",
        "@material/theme": "^11.0.0",
        "@material/touch-target": "^11.0.0",
        "@material/typography": "^11.0.0",
        "tslib": "^2.1.0"
      }
    },
    "@material/density": {
      "version": "11.0.0",
      "resolved": "https://registry.npmjs.org/@material/density/-/density-11.0.0.tgz",
      "integrity": "sha512-FuSx0UukH7p9cIAxEg78zwL5iYuoa/YovyHuuEEudyhWsRH+u0KBSQlYWr+ykg//qZF6urlDrVmu7WAKi1SiCw==",
      "requires": {
        "tslib": "^2.1.0"
      }
    },
    "@material/dom": {
      "version": "11.0.0",
      "resolved": "https://registry.npmjs.org/@material/dom/-/dom-11.0.0.tgz",
      "integrity": "sha512-LZdg6VmYnMXc/Ct/GdQ22o4m3UgjhZYQIrwu9Iebqchx0Vd2OTmcFN5nArHSCSgUEhpjpPlkbZmjOpeOAwiKZg==",
      "requires": {
        "@material/feature-targeting": "^11.0.0",
        "tslib": "^2.1.0"
      }
    },
    "@material/elevation": {
      "version": "11.0.0",
      "resolved": "https://registry.npmjs.org/@material/elevation/-/elevation-11.0.0.tgz",
      "integrity": "sha512-mgrUSBAdXJ1+VS/SWnu/gr9/nq7P1q5X3aDmoom2EPKauEeKhuAHjABI5duxHOrliZM3mK9VLO56D/tszb7spw==",
      "requires": {
        "@material/animation": "^11.0.0",
        "@material/base": "^11.0.0",
        "@material/feature-targeting": "^11.0.0",
        "@material/theme": "^11.0.0",
        "tslib": "^2.1.0"
      }
    },
    "@material/feature-targeting": {
      "version": "11.0.0",
      "resolved": "https://registry.npmjs.org/@material/feature-targeting/-/feature-targeting-11.0.0.tgz",
      "integrity": "sha512-7/jdaHm7C16Eq02tDQ1iI+giWKgk+QRNWFrmGKzHfXbU604XwY/eSLSiVS8QI01vx9QZ0aO9K84m0yhQQNQQtg==",
      "requires": {
        "tslib": "^2.1.0"
      }
    },
    "@material/ripple": {
      "version": "11.0.0",
      "resolved": "https://registry.npmjs.org/@material/ripple/-/ripple-11.0.0.tgz",
      "integrity": "sha512-672zAsYaL8aS861VgfEPL4sFMkFe0psiSc+4DfUTq7Nanl4e1gcarzzHZAn5IExUNk3/5QybDiXV+dbaL/0NjQ==",
      "requires": {
        "@material/animation": "^11.0.0",
        "@material/base": "^11.0.0",
        "@material/dom": "^11.0.0",
        "@material/feature-targeting": "^11.0.0",
        "@material/theme": "^11.0.0",
        "tslib": "^2.1.0"
      }
    },
    "@material/rtl": {
      "version": "11.0.0",
      "resolved": "https://registry.npmjs.org/@material/rtl/-/rtl-11.0.0.tgz",
      "integrity": "sha512-FcS8+N9MhnC0Wdd34O2yCC/5ylIwkfHjV5pbmHyEtb4YXoWngnPIxgpOr5PsUv95WSQBmeqWCRJDwS+sGZHoKQ==",
      "requires": {
        "@material/theme": "^11.0.0",
        "tslib": "^2.1.0"
      }
    },
    "@material/shape": {
      "version": "11.0.0",
      "resolved": "https://registry.npmjs.org/@material/shape/-/shape-11.0.0.tgz",
      "integrity": "sha512-O9/Dt/9Nbum1IvxRd4u8gCF4ghk9E55UNp2TGe+RN43zpTUbChh2raOFr3sQeRwLIzlb4wstUG9AxmdktrkDUQ==",
      "requires": {
        "@material/feature-targeting": "^11.0.0",
        "@material/rtl": "^11.0.0",
        "@material/theme": "^11.0.0",
        "tslib": "^2.1.0"
      }
    },
    "@material/theme": {
      "version": "11.0.0",
      "resolved": "https://registry.npmjs.org/@material/theme/-/theme-11.0.0.tgz",
      "integrity": "sha512-GnQI8sd2wHFD3AvmhpyRaH5o9D5Shobs1xDH4FdRU9+c+FNNqouZMDzyM6UpCX4700DzqvE7l0/1LjzB7ve7Lg==",
      "requires": {
        "@material/feature-targeting": "^11.0.0",
        "tslib": "^2.1.0"
      }
    },
    "@material/touch-target": {
      "version": "11.0.0",
      "resolved": "https://registry.npmjs.org/@material/touch-target/-/touch-target-11.0.0.tgz",
      "integrity": "sha512-S1XPYj3Bnkw26nFdYRZ0BHcNLfizF8HBeX9+OR7KuJUKaFB6CN01CtyEmDU3XNI0n140KjMtJnsZykWZommolQ==",
      "requires": {
        "@material/base": "^11.0.0",
        "@material/feature-targeting": "^11.0.0",
        "tslib": "^2.1.0"
      }
    },
    "@material/typography": {
      "version": "11.0.0",
      "resolved": "https://registry.npmjs.org/@material/typography/-/typography-11.0.0.tgz",
      "integrity": "sha512-i9IGO/ZsF+YnqC2+PpJapt/8hSXOKFXaqv6B9uUr+iQ8GD4bEFpxm5kChzH918wJpCHvxbTYbnR6buaF9nkjCQ==",
      "requires": {
        "@material/feature-targeting": "^11.0.0",
        "@material/theme": "^11.0.0",
        "tslib": "^2.1.0"
      }
    },
    "history": {
      "version": "4.10.1",
      "resolved": "https://registry.npmjs.org/history/-/history-4.10.1.tgz",
      "integrity": "sha512-36nwAD620w12kuzPAsyINPWJqlNbij+hpK1k9XRloDtym8mxzGYl2c17LnV6IAGB2Dmg4tEa7G7DlawS0+qjew==",
      "requires": {
        "@babel/runtime": "^7.1.2",
        "loose-envify": "^1.2.0",
        "resolve-pathname": "^3.0.0",
        "tiny-invariant": "^1.0.2",
        "tiny-warning": "^1.0.0",
        "value-equal": "^1.0.1"
      }
    },
    "hoist-non-react-statics": {
      "version": "3.3.2",
      "resolved": "https://registry.npmjs.org/hoist-non-react-statics/-/hoist-non-react-statics-3.3.2.tgz",
      "integrity": "sha512-/gGivxi8JPKWNm/W0jSmzcMPpfpPLc3dY/6GxhX2hQ9iGj3aDfklV4ET7NjKpSinLpJ5vafa9iiGIEZg10SfBw==",
      "requires": {
        "react-is": "^16.7.0"
      }
    },
    "isarray": {
      "version": "0.0.1",
      "resolved": "https://registry.npmjs.org/isarray/-/isarray-0.0.1.tgz",
      "integrity": "sha1-ihis/Kmo9Bd+Cav8YDiTmwXR7t8="
    },
    "js-tokens": {
      "version": "4.0.0",
      "resolved": "https://registry.npmjs.org/js-tokens/-/js-tokens-4.0.0.tgz",
      "integrity": "sha512-RdJUflcE3cUzKiMqQgsCu06FPu9UdIJO0beYbPhHN4k6apgJtifcoCtT9bcxOpYBtpD2kCM6Sbzg4CausW/PKQ=="
    },
    "loose-envify": {
      "version": "1.4.0",
      "resolved": "https://registry.npmjs.org/loose-envify/-/loose-envify-1.4.0.tgz",
      "integrity": "sha512-lyuxPGr/Wfhrlem2CL/UcnUc1zcqKAImBDzukY7Y5F/yQiNdko6+fRLevlw1HgMySw7f611UIY408EtxRSoK3Q==",
      "requires": {
        "js-tokens": "^3.0.0 || ^4.0.0"
      }
    },
    "mini-create-react-context": {
      "version": "0.4.1",
      "resolved": "https://registry.npmjs.org/mini-create-react-context/-/mini-create-react-context-0.4.1.tgz",
      "integrity": "sha512-YWCYEmd5CQeHGSAKrYvXgmzzkrvssZcuuQDDeqkT+PziKGMgE+0MCCtcKbROzocGBG1meBLl2FotlRwf4gAzbQ==",
      "requires": {
        "@babel/runtime": "^7.12.1",
        "tiny-warning": "^1.0.3"
      }
    },
    "object-assign": {
      "version": "4.1.1",
      "resolved": "https://registry.npmjs.org/object-assign/-/object-assign-4.1.1.tgz",
      "integrity": "sha1-IQmtx5ZYh8/AXLvUQsrIv7s2CGM="
    },
    "path-to-regexp": {
      "version": "1.8.0",
      "resolved": "https://registry.npmjs.org/path-to-regexp/-/path-to-regexp-1.8.0.tgz",
      "integrity": "sha512-n43JRhlUKUAlibEJhPeir1ncUID16QnEjNpwzNdO3Lm4ywrBpBZ5oLD0I6br9evr1Y9JTqwRtAh7JLoOzAQdVA==",
      "requires": {
        "isarray": "0.0.1"
      }
    },
    "prop-types": {
      "version": "15.7.2",
      "resolved": "https://registry.npmjs.org/prop-types/-/prop-types-15.7.2.tgz",
      "integrity": "sha512-8QQikdH7//R2vurIJSutZ1smHYTcLpRWEOlHnzcWHmBYrOGUysKwSsrC89BCiFj3CbrfJ/nXFdJepOVrY1GCHQ==",
      "requires": {
        "loose-envify": "^1.4.0",
        "object-assign": "^4.1.1",
        "react-is": "^16.8.1"
      }
    },
    "react-is": {
      "version": "16.13.1",
      "resolved": "https://registry.npmjs.org/react-is/-/react-is-16.13.1.tgz",
      "integrity": "sha512-24e6ynE2H+OKt4kqsOvNd8kBpV65zoxbA4BVsEOB3ARVWQki/DHzaUoC5KuON/BiccDaCCTZBuOcfZs70kR8bQ=="
    },
    "react-router": {
      "version": "5.2.0",
      "resolved": "https://registry.npmjs.org/react-router/-/react-router-5.2.0.tgz",
      "integrity": "sha512-smz1DUuFHRKdcJC0jobGo8cVbhO3x50tCL4icacOlcwDOEQPq4TMqwx3sY1TP+DvtTgz4nm3thuo7A+BK2U0Dw==",
      "requires": {
        "@babel/runtime": "^7.1.2",
        "history": "^4.9.0",
        "hoist-non-react-statics": "^3.1.0",
        "loose-envify": "^1.3.1",
        "mini-create-react-context": "^0.4.0",
        "path-to-regexp": "^1.7.0",
        "prop-types": "^15.6.2",
        "react-is": "^16.6.0",
        "tiny-invariant": "^1.0.2",
        "tiny-warning": "^1.0.0"
      }
    },
    "react-router-dom": {
      "version": "5.2.0",
      "resolved": "https://registry.npmjs.org/react-router-dom/-/react-router-dom-5.2.0.tgz",
      "integrity": "sha512-gxAmfylo2QUjcwxI63RhQ5G85Qqt4voZpUXSEqCwykV0baaOTQDR1f0PmY8AELqIyVc0NEZUj0Gov5lNGcXgsA==",
      "requires": {
        "@babel/runtime": "^7.1.2",
        "history": "^4.9.0",
        "loose-envify": "^1.3.1",
        "prop-types": "^15.6.2",
        "react-router": "5.2.0",
        "tiny-invariant": "^1.0.2",
        "tiny-warning": "^1.0.0"
      }
    },
    "regenerator-runtime": {
      "version": "0.13.7",
      "resolved": "https://registry.npmjs.org/regenerator-runtime/-/regenerator-runtime-0.13.7.tgz",
      "integrity": "sha512-a54FxoJDIr27pgf7IgeQGxmqUNYrcV338lf/6gH456HZ/PhX+5BcwHXG9ajESmwe6WRO0tAzRUrRmNONWgkrew=="
    },
    "resolve-pathname": {
      "version": "3.0.0",
      "resolved": "https://registry.npmjs.org/resolve-pathname/-/resolve-pathname-3.0.0.tgz",
      "integrity": "sha512-C7rARubxI8bXFNB/hqcp/4iUeIXJhJZvFPFPiSPRnhU5UPxzMFIl+2E6yY6c4k9giDJAhtV+enfA+G89N6Csng=="
    },
    "tiny-invariant": {
      "version": "1.1.0",
      "resolved": "https://registry.npmjs.org/tiny-invariant/-/tiny-invariant-1.1.0.tgz",
      "integrity": "sha512-ytxQvrb1cPc9WBEI/HSeYYoGD0kWnGEOR8RY6KomWLBVhqz0RgTwVO9dLrGz7dC+nN9llyI7OKAgRq8Vq4ZBSw=="
    },
    "tiny-warning": {
      "version": "1.0.3",
      "resolved": "https://registry.npmjs.org/tiny-warning/-/tiny-warning-1.0.3.tgz",
      "integrity": "sha512-lBN9zLN/oAf68o3zNXYrdCt1kP8WsiGW8Oo2ka41b2IM5JL/S1CTyX1rW0mb/zSuJun0ZUrDxx4sqvYS2FWzPA=="
    },
    "tslib": {
      "version": "2.2.0",
      "resolved": "https://registry.npmjs.org/tslib/-/tslib-2.2.0.tgz",
      "integrity": "sha512-gS9GVHRU+RGn5KQM2rllAlR3dU6m7AcpJKdtH8gFvQiC4Otgk98XnmMU+nZenHt/+VhnBPWwgrJsyrdcw6i23w=="
    },
    "value-equal": {
      "version": "1.0.1",
      "resolved": "https://registry.npmjs.org/value-equal/-/value-equal-1.0.1.tgz",
      "integrity": "sha512-NOJ6JZCAWr0zlxZt+xqCHNTEKOsrks2HQd4MqhP1qy4z1SkbEP467eNx6TgDKXMvUOb+OENfJCZwM+16n7fRfw=="
    }
  }
}
